
Microsoft Visual Studio Solution File, Format Version 12.00
# Visual Studio Version 17
VisualStudioVersion = 17.0.31903.59
MinimumVisualStudioVersion = 10.0.40219.1
Project("{FAE04EC0-301F-11D3-BF4B-00C04F79EFBC}") = "ScheduleAssistant.Domain", "src\ScheduleAssistant.Domain\ScheduleAssistant.Domain.csproj", "{6201DFDB-D4B2-4B72-8771-52694856CA10}"
EndProject
Project("{FAE04EC0-301F-11D3-BF4B-00C04F79EFBC}") = "ScheduleAssistant.Application", "src\ScheduleAssistant.Application\ScheduleAssistant.Application.csproj", "{3D6AAE1C-8AF5-4579-A8AF-5A9176551DC5}"
EndProject
Project("{FAE04EC0-301F-11D3-BF4B-00C04F79EFBC}") = "ScheduleAssistant.Infrastructure", "src\ScheduleAssistant.Infrastructure\ScheduleAssistant.Infrastructure.csproj", "{5D26B29C-94E7-4A1A-A85F-BDB1187F51B2}"
EndProject
Project("{FAE04EC0-301F-11D3-BF4B-00C04F79EFBC}") = "ScheduleAssistant.Presentation", "src\ScheduleAssistant.Presentation\ScheduleAssistant.Presentation.csproj", "{6DFDB9AF-3303-47A1-93EE-59EFFF95FEC7}"
EndProject
Project("{FAE04EC0-301F-11D3-BF4B-00C04F79EFBC}") = "ScheduleAssistant.Domain.Tests", "tests\ScheduleAssistant.Domain.Tests\ScheduleAssistant.Domain.Tests.csproj", "{144626B2-2697-461C-8C2C-D6B788D0D762}"
EndProject
Project("{FAE04EC0-301F-11D3-BF4B-00C04F79EFBC}") = "ScheduleAssistant.Application.Tests", "tests\ScheduleAssistant.Application.Tests\ScheduleAssistant.Application.Tests.csproj", "{82074A13-AD17-421E-B2E0-647C55F13792}"
EndProject
Project("{FAE04EC0-301F-11D3-BF4B-00C04F79EFBC}") = "ScheduleAssistant.Infrastructure.Tests", "tests\ScheduleAssistant.Infrastructure.Tests\ScheduleAssistant.Infrastructure.Tests.csproj", "{14DD31DB-4D73-4064-A65C-6355F359259A}"
EndProject
Project("{FAE04EC0-301F-11D3-BF4B-00C04F79EFBC}") = "ScheduleAssistant.Architecture.Tests", "tests\ScheduleAssistant.Architecture.Tests\ScheduleAssistant.Architecture.Tests.csproj", "{99B034BF-597D-4DBD-8F25-617DF188E48C}"
EndProject
Global
	GlobalSection(SolutionConfigurationPlatforms) = preSolution
		Debug|Any CPU = Debug|Any CPU
		Release|Any CPU = Release|Any CPU
	EndGlobalSection
	GlobalSection(ProjectConfigurationPlatforms) = postSolution
		{6201DFDB-D4B2-4B72-8771-52694856CA10}.Debug|Any CPU.ActiveCfg = Debug|Any CPU
		{6201DFDB-D4B2-4B72-8771-52694856CA10}.Debug|Any CPU.Build.0 = Debug|Any CPU
		{6201DFDB-D4B2-4B72-8771-52694856CA10}.Release|Any CPU.ActiveCfg = Release|Any CPU
		{6201DFDB-D4B2-4B72-8771-52694856CA10}.Release|Any CPU.Build.0 = Release|Any CPU
		{3D6AAE1C-8AF5-4579-A8AF-5A9176551DC5}.Debug|Any CPU.ActiveCfg = Debug|Any CPU
		{3D6AAE1C-8AF5-4579-A8AF-5A9176551DC5}.Debug|Any CPU.Build.0 = Debug|Any CPU
		{3D6AAE1C-8AF5-4579-A8AF-5A9176551DC5}.Release|Any CPU.ActiveCfg = Release|Any CPU
		{3D6AAE1C-8AF5-4579-A8AF-5A9176551DC5}.Release|Any CPU.Build.0 = Release|Any CPU
		{5D26B29C-94E7-4A1A-A85F-BDB1187F51B2}.Debug|Any CPU.ActiveCfg = Debug|Any CPU
		{5D26B29C-94E7-4A1A-A85F-BDB1187F51B2}.Debug|Any CPU.Build.0 = Debug|Any CPU
		{5D26B29C-94E7-4A1A-A85F-BDB1187F51B2}.Release|Any CPU.ActiveCfg = Release|Any CPU
		{5D26B29C-94E7-4A1A-A85F-BDB1187F51B2}.Release|Any CPU.Build.0 = Release|Any CPU
		{6DFDB9AF-3303-47A1-93EE-59EFFF95FEC7}.Debug|Any CPU.ActiveCfg = Debug|Any CPU
		{6DFDB9AF-3303-47A1-93EE-59EFFF95FEC7}.Debug|Any CPU.Build.0 = Debug|Any CPU
		{6DFDB9AF-3303-47A1-93EE-59EFFF95FEC7}.Release|Any CPU.ActiveCfg = Release|Any CPU
		{6DFDB9AF-3303-47A1-93EE-59EFFF95FEC7}.Release|Any CPU.Build.0 = Release|Any CPU
		{144626B2-2697-461C-8C2C-D6B788D0D762}.Debug|Any CPU.ActiveCfg = Debug|Any CPU
		{144626B2-2697-461C-8C2C-D6B788D0D762}.Debug|Any CPU.Build.0 = Debug|Any CPU
		{144626B2-2697-461C-8C2C-D6B788D0D762}.Release|Any CPU.ActiveCfg = Release|Any CPU
		{144626B2-2697-461C-8C2C-D6B788D0D762}.Release|Any CPU.Build.0 = Release|Any CPU
		{82074A13-AD17-421E-B2E0-647C55F13792}.Debug|Any CPU.ActiveCfg = Debug|Any CPU
		{82074A13-AD17-421E-B2E0-647C55F13792}.Debug|Any CPU.Build.0 = Debug|Any CPU
		{82074A13-AD17-421E-B2E0-647C55F13792}.Release|Any CPU.ActiveCfg = Release|Any CPU
		{82074A13-AD17-421E-B2E0-647C55F13792}.Release|Any CPU.Build.0 = Release|Any CPU
		{14DD31DB-4D73-4064-A65C-6355F359259A}.Debug|Any CPU.ActiveCfg = Debug|Any CPU
		{14DD31DB-4D73-4064-A65C-6355F359259A}.Debug|Any CPU.Build.0 = Debug|Any CPU
		{14DD31DB-4D73-4064-A65C-6355F359259A}.Release|Any CPU.ActiveCfg = Release|Any CPU
		{14DD31DB-4D73-4064-A65C-6355F359259A}.Release|Any CPU.Build.0 = Release|Any CPU
		{99B034BF-597D-4DBD-8F25-617DF188E48C}.Debug|Any CPU.ActiveCfg = Debug|Any CPU
		{99B034BF-597D-4DBD-8F25-617DF188E48C}.Debug|Any CPU.Build.0 = Debug|Any CPU
		{99B034BF-597D-4DBD-8F25-617DF188E48C}.Release|Any CPU.ActiveCfg = Release|Any CPU
		{99B034BF-597D-4DBD-8F25-617DF188E48C}.Release|Any CPU.Build.0 = Release|Any CPU
	EndGlobalSection
	GlobalSection(SolutionProperties) = preSolution
		HideSolutionNode = FALSE
	EndGlobalSection
EndGlobal
